// !$*UTF8*$!
{
	archiveVersion = 1;
	classes = {
	};
	objectVersion = 50;
	objects = {

/* Begin PBXBuildFile section */
		1D10F0E924C8BA1B00270AB2 /* Thin Pencil Handwriting.ttf in Resources */ = {isa = PBXBuildFile; fileRef = 1D10F0E824C8B9EF00270AB2 /* Thin Pencil Handwriting.ttf */; };
		1D89E6E024CBA77500E8B842 /* RenderingEngineController.swift in Sources */ = {isa = PBXBuildFile; fileRef = 1D89E6DF24CBA77500E8B842 /* RenderingEngineController.swift */; };
		1D89E6E224CBC57500E8B842 /* UINavigationBar+TouchRecognizer.swift in Sources */ = {isa = PBXBuildFile; fileRef = 1D89E6E124CBC57500E8B842 /* UINavigationBar+TouchRecognizer.swift */; };
		1D938CA124C7D16100139E0E /* UIView+LivePreview.swift in Sources */ = {isa = PBXBuildFile; fileRef = 1D938CA024C7D16100139E0E /* UIView+LivePreview.swift */; };
		1DA4260724C9F07E00AB1A23 /* GridView.swift in Sources */ = {isa = PBXBuildFile; fileRef = 1DA4260624C9F07E00AB1A23 /* GridView.swift */; };
		1DA42DD924C9262D00651D45 /* MenuController.swift in Sources */ = {isa = PBXBuildFile; fileRef = 1DA42DD824C9262D00651D45 /* MenuController.swift */; };
		1DA42DDB24C92A0400651D45 /* MenuTableViewCell.swift in Sources */ = {isa = PBXBuildFile; fileRef = 1DA42DDA24C92A0400651D45 /* MenuTableViewCell.swift */; };
		1DA42DDD24C92B3A00651D45 /* MenuHeader.swift in Sources */ = {isa = PBXBuildFile; fileRef = 1DA42DDC24C92B3A00651D45 /* MenuHeader.swift */; };
		1DA42DDF24C9384600651D45 /* MenuSections.swift in Sources */ = {isa = PBXBuildFile; fileRef = 1DA42DDE24C9384600651D45 /* MenuSections.swift */; };
		1DA7403D24C79B7E0062058B /* AppDelegate.swift in Sources */ = {isa = PBXBuildFile; fileRef = 1DA7403C24C79B7E0062058B /* AppDelegate.swift */; };
		1DA7403F24C79B7E0062058B /* SceneDelegate.swift in Sources */ = {isa = PBXBuildFile; fileRef = 1DA7403E24C79B7E0062058B /* SceneDelegate.swift */; };
		1DA7404624C79B820062058B /* Assets.xcassets in Resources */ = {isa = PBXBuildFile; fileRef = 1DA7404524C79B820062058B /* Assets.xcassets */; };
		1DA7404924C79B820062058B /* LaunchScreen.storyboard in Resources */ = {isa = PBXBuildFile; fileRef = 1DA7404724C79B820062058B /* LaunchScreen.storyboard */; };
		1DDD050C24D1E44C0016B7A1 /* CellularAutomata.xcdatamodeld in Sources */ = {isa = PBXBuildFile; fileRef = 1DDD050A24D1E44C0016B7A1 /* CellularAutomata.xcdatamodeld */; };
		1DDD050E24D1E5A70016B7A1 /* UserPreset+Init.swift in Sources */ = {isa = PBXBuildFile; fileRef = 1DDD050D24D1E5A70016B7A1 /* UserPreset+Init.swift */; };
		1DDD051224D20A5E0016B7A1 /* CellPosition+Init.swift in Sources */ = {isa = PBXBuildFile; fileRef = 1DDD051124D20A5E0016B7A1 /* CellPosition+Init.swift */; };
		1DDD051724D23DE10016B7A1 /* UserDefaultsKeys.swift in Sources */ = {isa = PBXBuildFile; fileRef = 1DDD051624D23DE10016B7A1 /* UserDefaultsKeys.swift */; };
		1DED12E224CD479100B0851A /* start.mp3 in Resources */ = {isa = PBXBuildFile; fileRef = 1DED12E124CD479100B0851A /* start.mp3 */; };
		1DED12E424CD479700B0851A /* pause.mp3 in Resources */ = {isa = PBXBuildFile; fileRef = 1DED12E324CD479700B0851A /* pause.mp3 */; };
		1DED12E624CD49CE00B0851A /* reset.mp3 in Resources */ = {isa = PBXBuildFile; fileRef = 1DED12E524CD49CE00B0851A /* reset.mp3 */; };
		1DED12E824CD4B6B00B0851A /* launch.mp3 in Resources */ = {isa = PBXBuildFile; fileRef = 1DED12E724CD4B6B00B0851A /* launch.mp3 */; };
		1DED12EA24CD4C0F00B0851A /* move.mp3 in Resources */ = {isa = PBXBuildFile; fileRef = 1DED12E924CD4C0F00B0851A /* move.mp3 */; };
		1DED12EC24CD4C2300B0851A /* slide.mp3 in Resources */ = {isa = PBXBuildFile; fileRef = 1DED12EB24CD4C2300B0851A /* slide.mp3 */; };
		1DED12EE24CDDE3B00B0851A /* AudioPlayer.swift in Sources */ = {isa = PBXBuildFile; fileRef = 1DED12ED24CDDE3B00B0851A /* AudioPlayer.swift */; };
		1DED131F24D125BD00B0851A /* CoreDataManager.swift in Sources */ = {isa = PBXBuildFile; fileRef = 1DED131E24D125BD00B0851A /* CoreDataManager.swift */; };
/* End PBXBuildFile section */

/* Begin PBXFileReference section */
		1D10F0E824C8B9EF00270AB2 /* Thin Pencil Handwriting.ttf */ = {isa = PBXFileReference; lastKnownFileType = file; path = "Thin Pencil Handwriting.ttf"; sourceTree = "<group>"; };
		1D89E6DF24CBA77500E8B842 /* RenderingEngineController.swift */ = {isa = PBXFileReference; fileEncoding = 4; lastKnownFileType = sourcecode.swift; path = RenderingEngineController.swift; sourceTree = "<group>"; };
		1D89E6E124CBC57500E8B842 /* UINavigationBar+TouchRecognizer.swift */ = {isa = PBXFileReference; lastKnownFileType = sourcecode.swift; path = "UINavigationBar+TouchRecognizer.swift"; sourceTree = "<group>"; };
		1D938CA024C7D16100139E0E /* UIView+LivePreview.swift */ = {isa = PBXFileReference; lastKnownFileType = sourcecode.swift; path = "UIView+LivePreview.swift"; sourceTree = "<group>"; };
		1DA4260624C9F07E00AB1A23 /* GridView.swift */ = {isa = PBXFileReference; lastKnownFileType = sourcecode.swift; path = GridView.swift; sourceTree = "<group>"; };
		1DA42DD824C9262D00651D45 /* MenuController.swift */ = {isa = PBXFileReference; lastKnownFileType = sourcecode.swift; path = MenuController.swift; sourceTree = "<group>"; };
		1DA42DDA24C92A0400651D45 /* MenuTableViewCell.swift */ = {isa = PBXFileReference; lastKnownFileType = sourcecode.swift; path = MenuTableViewCell.swift; sourceTree = "<group>"; };
		1DA42DDC24C92B3A00651D45 /* MenuHeader.swift */ = {isa = PBXFileReference; lastKnownFileType = sourcecode.swift; path = MenuHeader.swift; sourceTree = "<group>"; };
		1DA42DDE24C9384600651D45 /* MenuSections.swift */ = {isa = PBXFileReference; lastKnownFileType = sourcecode.swift; path = MenuSections.swift; sourceTree = "<group>"; };
		1DA7403924C79B7E0062058B /* CellularAutomata.app */ = {isa = PBXFileReference; explicitFileType = wrapper.application; includeInIndex = 0; path = CellularAutomata.app; sourceTree = BUILT_PRODUCTS_DIR; };
		1DA7403C24C79B7E0062058B /* AppDelegate.swift */ = {isa = PBXFileReference; lastKnownFileType = sourcecode.swift; path = AppDelegate.swift; sourceTree = "<group>"; };
		1DA7403E24C79B7E0062058B /* SceneDelegate.swift */ = {isa = PBXFileReference; lastKnownFileType = sourcecode.swift; path = SceneDelegate.swift; sourceTree = "<group>"; };
		1DA7404524C79B820062058B /* Assets.xcassets */ = {isa = PBXFileReference; lastKnownFileType = folder.assetcatalog; path = Assets.xcassets; sourceTree = "<group>"; };
		1DA7404824C79B820062058B /* Base */ = {isa = PBXFileReference; lastKnownFileType = file.storyboard; name = Base; path = Base.lproj/LaunchScreen.storyboard; sourceTree = "<group>"; };
		1DA7404A24C79B820062058B /* Info.plist */ = {isa = PBXFileReference; lastKnownFileType = text.plist.xml; path = Info.plist; sourceTree = "<group>"; };
		1DDD050B24D1E44C0016B7A1 /* CellularAutomata.xcdatamodel */ = {isa = PBXFileReference; lastKnownFileType = wrapper.xcdatamodel; path = CellularAutomata.xcdatamodel; sourceTree = "<group>"; };
		1DDD050D24D1E5A70016B7A1 /* UserPreset+Init.swift */ = {isa = PBXFileReference; lastKnownFileType = sourcecode.swift; path = "UserPreset+Init.swift"; sourceTree = "<group>"; };
		1DDD051124D20A5E0016B7A1 /* CellPosition+Init.swift */ = {isa = PBXFileReference; lastKnownFileType = sourcecode.swift; path = "CellPosition+Init.swift"; sourceTree = "<group>"; };
		1DDD051624D23DE10016B7A1 /* UserDefaultsKeys.swift */ = {isa = PBXFileReference; lastKnownFileType = sourcecode.swift; path = UserDefaultsKeys.swift; sourceTree = "<group>"; };
		1DED12E124CD479100B0851A /* start.mp3 */ = {isa = PBXFileReference; lastKnownFileType = audio.mp3; path = start.mp3; sourceTree = "<group>"; };
		1DED12E324CD479700B0851A /* pause.mp3 */ = {isa = PBXFileReference; lastKnownFileType = audio.mp3; path = pause.mp3; sourceTree = "<group>"; };
		1DED12E524CD49CE00B0851A /* reset.mp3 */ = {isa = PBXFileReference; lastKnownFileType = audio.mp3; path = reset.mp3; sourceTree = "<group>"; };
		1DED12E724CD4B6B00B0851A /* launch.mp3 */ = {isa = PBXFileReference; lastKnownFileType = audio.mp3; path = launch.mp3; sourceTree = "<group>"; };
		1DED12E924CD4C0F00B0851A /* move.mp3 */ = {isa = PBXFileReference; lastKnownFileType = audio.mp3; path = move.mp3; sourceTree = "<group>"; };
		1DED12EB24CD4C2300B0851A /* slide.mp3 */ = {isa = PBXFileReference; lastKnownFileType = audio.mp3; path = slide.mp3; sourceTree = "<group>"; };
		1DED12ED24CDDE3B00B0851A /* AudioPlayer.swift */ = {isa = PBXFileReference; lastKnownFileType = sourcecode.swift; path = AudioPlayer.swift; sourceTree = "<group>"; };
		1DED131E24D125BD00B0851A /* CoreDataManager.swift */ = {isa = PBXFileReference; lastKnownFileType = sourcecode.swift; path = CoreDataManager.swift; sourceTree = "<group>"; };
/* End PBXFileReference section */

/* Begin PBXFrameworksBuildPhase section */
		1DA7403624C79B7E0062058B /* Frameworks */ = {
			isa = PBXFrameworksBuildPhase;
			buildActionMask = 2147483647;
			files = (
			);
			runOnlyForDeploymentPostprocessing = 0;
		};
/* End PBXFrameworksBuildPhase section */

/* Begin PBXGroup section */
		1D938C9F24C7CF8E00139E0E /* Extensions */ = {
			isa = PBXGroup;
			children = (
				1D938CA024C7D16100139E0E /* UIView+LivePreview.swift */,
				1D89E6E124CBC57500E8B842 /* UINavigationBar+TouchRecognizer.swift */,
			);
			path = Extensions;
			sourceTree = "<group>";
		};
		1DA42DE024C9DF1F00651D45 /* Preset Menu */ = {
			isa = PBXGroup;
			children = (
				1DA42DD824C9262D00651D45 /* MenuController.swift */,
				1DA42DE524C9DFE600651D45 /* Components */,
			);
			path = "Preset Menu";
			sourceTree = "<group>";
		};
		1DA42DE124C9DF2500651D45 /* Rendering Engine */ = {
			isa = PBXGroup;
			children = (
				1D89E6DF24CBA77500E8B842 /* RenderingEngineController.swift */,
				1DA750D124C9E84D002E080D /* Components */,
			);
			path = "Rendering Engine";
			sourceTree = "<group>";
		};
		1DA42DE524C9DFE600651D45 /* Components */ = {
			isa = PBXGroup;
			children = (
				1DA42DDC24C92B3A00651D45 /* MenuHeader.swift */,
				1DA42DDE24C9384600651D45 /* MenuSections.swift */,
				1DA42DDA24C92A0400651D45 /* MenuTableViewCell.swift */,
			);
			path = Components;
			sourceTree = "<group>";
		};
		1DA7403024C79B7E0062058B = {
			isa = PBXGroup;
			children = (
				1DA7403B24C79B7E0062058B /* CellularAutomata */,
				1DA7403A24C79B7E0062058B /* Products */,
			);
			sourceTree = "<group>";
		};
		1DA7403A24C79B7E0062058B /* Products */ = {
			isa = PBXGroup;
			children = (
				1DA7403924C79B7E0062058B /* CellularAutomata.app */,
			);
			name = Products;
			sourceTree = "<group>";
		};
		1DA7403B24C79B7E0062058B /* CellularAutomata */ = {
			isa = PBXGroup;
			children = (
				1DA7405024C79BA90062058B /* Application */,
				1DA42DE124C9DF2500651D45 /* Rendering Engine */,
				1DA42DE024C9DF1F00651D45 /* Preset Menu */,
			);
			path = CellularAutomata;
			sourceTree = "<group>";
		};
		1DA7405024C79BA90062058B /* Application */ = {
			isa = PBXGroup;
			children = (
				1DA7404A24C79B820062058B /* Info.plist */,
				1DA7404724C79B820062058B /* LaunchScreen.storyboard */,
				1DA7404524C79B820062058B /* Assets.xcassets */,
				1DDD051324D22E7B0016B7A1 /* Delegates */,
				1DDD051424D22E880016B7A1 /* Fonts */,
				1DED12E024CD477E00B0851A /* AudioPlayer */,
				1DED131D24D1258C00B0851A /* Persistence */,
				1D938C9F24C7CF8E00139E0E /* Extensions */,
			);
			name = Application;
			sourceTree = "<group>";
		};
		1DA750D124C9E84D002E080D /* Components */ = {
			isa = PBXGroup;
			children = (
				1DA4260624C9F07E00AB1A23 /* GridView.swift */,
			);
			path = Components;
			sourceTree = "<group>";
		};
		1DDD051324D22E7B0016B7A1 /* Delegates */ = {
			isa = PBXGroup;
			children = (
				1DA7403C24C79B7E0062058B /* AppDelegate.swift */,
				1DA7403E24C79B7E0062058B /* SceneDelegate.swift */,
			);
			path = Delegates;
			sourceTree = "<group>";
		};
		1DDD051424D22E880016B7A1 /* Fonts */ = {
			isa = PBXGroup;
			children = (
				1D10F0E824C8B9EF00270AB2 /* Thin Pencil Handwriting.ttf */,
			);
			path = Fonts;
			sourceTree = "<group>";
		};
		1DED12E024CD477E00B0851A /* AudioPlayer */ = {
			isa = PBXGroup;
			children = (
				1DED12ED24CDDE3B00B0851A /* AudioPlayer.swift */,
				1DED12E124CD479100B0851A /* start.mp3 */,
				1DED12E324CD479700B0851A /* pause.mp3 */,
				1DED12E524CD49CE00B0851A /* reset.mp3 */,
				1DED12E724CD4B6B00B0851A /* launch.mp3 */,
				1DED12E924CD4C0F00B0851A /* move.mp3 */,
				1DED12EB24CD4C2300B0851A /* slide.mp3 */,
			);
			path = AudioPlayer;
			sourceTree = "<group>";
		};
		1DED131D24D1258C00B0851A /* Persistence */ = {
			isa = PBXGroup;
			children = (
				1DDD050A24D1E44C0016B7A1 /* CellularAutomata.xcdatamodeld */,
				1DED131E24D125BD00B0851A /* CoreDataManager.swift */,
				1DDD050D24D1E5A70016B7A1 /* UserPreset+Init.swift */,
				1DDD051124D20A5E0016B7A1 /* CellPosition+Init.swift */,
				1DDD051624D23DE10016B7A1 /* UserDefaultsKeys.swift */,
			);
			path = Persistence;
			sourceTree = "<group>";
		};
/* End PBXGroup section */

/* Begin PBXNativeTarget section */
		1DA7403824C79B7E0062058B /* CellularAutomata */ = {
			isa = PBXNativeTarget;
			buildConfigurationList = 1DA7404D24C79B820062058B /* Build configuration list for PBXNativeTarget "CellularAutomata" */;
			buildPhases = (
				1DA7403524C79B7E0062058B /* Sources */,
				1DA7403624C79B7E0062058B /* Frameworks */,
				1DA7403724C79B7E0062058B /* Resources */,
			);
			buildRules = (
			);
			dependencies = (
			);
			name = CellularAutomata;
			productName = CellularAutomata;
			productReference = 1DA7403924C79B7E0062058B /* CellularAutomata.app */;
			productType = "com.apple.product-type.application";
		};
/* End PBXNativeTarget section */

/* Begin PBXProject section */
		1DA7403124C79B7E0062058B /* Project object */ = {
			isa = PBXProject;
			attributes = {
				LastSwiftUpdateCheck = 1150;
				LastUpgradeCheck = 1150;
				ORGANIZATIONNAME = "Shawn James";
				TargetAttributes = {
					1DA7403824C79B7E0062058B = {
						CreatedOnToolsVersion = 11.5;
					};
				};
			};
			buildConfigurationList = 1DA7403424C79B7E0062058B /* Build configuration list for PBXProject "CellularAutomata" */;
			compatibilityVersion = "Xcode 9.3";
			developmentRegion = en;
			hasScannedForEncodings = 0;
			knownRegions = (
				en,
				Base,
			);
			mainGroup = 1DA7403024C79B7E0062058B;
			productRefGroup = 1DA7403A24C79B7E0062058B /* Products */;
			projectDirPath = "";
			projectRoot = "";
			targets = (
				1DA7403824C79B7E0062058B /* CellularAutomata */,
			);
		};
/* End PBXProject section */

/* Begin PBXResourcesBuildPhase section */
		1DA7403724C79B7E0062058B /* Resources */ = {
			isa = PBXResourcesBuildPhase;
			buildActionMask = 2147483647;
			files = (
				1D10F0E924C8BA1B00270AB2 /* Thin Pencil Handwriting.ttf in Resources */,
				1DED12EC24CD4C2300B0851A /* slide.mp3 in Resources */,
				1DED12E224CD479100B0851A /* start.mp3 in Resources */,
				1DED12E424CD479700B0851A /* pause.mp3 in Resources */,
				1DA7404924C79B820062058B /* LaunchScreen.storyboard in Resources */,
				1DED12E624CD49CE00B0851A /* reset.mp3 in Resources */,
				1DED12EA24CD4C0F00B0851A /* move.mp3 in Resources */,
				1DA7404624C79B820062058B /* Assets.xcassets in Resources */,
				1DED12E824CD4B6B00B0851A /* launch.mp3 in Resources */,
			);
			runOnlyForDeploymentPostprocessing = 0;
		};
/* End PBXResourcesBuildPhase section */

/* Begin PBXSourcesBuildPhase section */
		1DA7403524C79B7E0062058B /* Sources */ = {
			isa = PBXSourcesBuildPhase;
			buildActionMask = 2147483647;
			files = (
				1DA7403D24C79B7E0062058B /* AppDelegate.swift in Sources */,
				1D89E6E224CBC57500E8B842 /* UINavigationBar+TouchRecognizer.swift in Sources */,
				1DA42DDD24C92B3A00651D45 /* MenuHeader.swift in Sources */,
				1DED131F24D125BD00B0851A /* CoreDataManager.swift in Sources */,
				1DDD051724D23DE10016B7A1 /* UserDefaultsKeys.swift in Sources */,
				1D89E6E024CBA77500E8B842 /* RenderingEngineController.swift in Sources */,
				1D938CA124C7D16100139E0E /* UIView+LivePreview.swift in Sources */,
				1DA42DDF24C9384600651D45 /* MenuSections.swift in Sources */,
				1DDD051224D20A5E0016B7A1 /* CellPosition+Init.swift in Sources */,
				1DDD050E24D1E5A70016B7A1 /* UserPreset+Init.swift in Sources */,
				1DA42DDB24C92A0400651D45 /* MenuTableViewCell.swift in Sources */,
				1DA7403F24C79B7E0062058B /* SceneDelegate.swift in Sources */,
				1DA42DD924C9262D00651D45 /* MenuController.swift in Sources */,
				1DA4260724C9F07E00AB1A23 /* GridView.swift in Sources */,
				1DED12EE24CDDE3B00B0851A /* AudioPlayer.swift in Sources */,
				1DDD050C24D1E44C0016B7A1 /* CellularAutomata.xcdatamodeld in Sources */,
			);
			runOnlyForDeploymentPostprocessing = 0;
		};
/* End PBXSourcesBuildPhase section */

/* Begin PBXVariantGroup section */
		1DA7404724C79B820062058B /* LaunchScreen.storyboard */ = {
			isa = PBXVariantGroup;
			children = (
				1DA7404824C79B820062058B /* Base */,
			);
			name = LaunchScreen.storyboard;
			sourceTree = "<group>";
		};
/* End PBXVariantGroup section */

/* Begin XCBuildConfiguration section */
		1DA7404B24C79B820062058B /* Debug */ = {
			isa = XCBuildConfiguration;
			buildSettings = {
				ALWAYS_SEARCH_USER_PATHS = NO;
				CLANG_ANALYZER_NONNULL = YES;
				CLANG_ANALYZER_NUMBER_OBJECT_CONVERSION = YES_AGGRESSIVE;
				CLANG_CXX_LANGUAGE_STANDARD = "gnu++14";
				CLANG_CXX_LIBRARY = "libc++";
				CLANG_ENABLE_MODULES = YES;
				CLANG_ENABLE_OBJC_ARC = YES;
				CLANG_ENABLE_OBJC_WEAK = YES;
				CLANG_WARN_BLOCK_CAPTURE_AUTORELEASING = YES;
				CLANG_WARN_BOOL_CONVERSION = YES;
				CLANG_WARN_COMMA = YES;
				CLANG_WARN_CONSTANT_CONVERSION = YES;
				CLANG_WARN_DEPRECATED_OBJC_IMPLEMENTATIONS = YES;
				CLANG_WARN_DIRECT_OBJC_ISA_USAGE = YES_ERROR;
				CLANG_WARN_DOCUMENTATION_COMMENTS = YES;
				CLANG_WARN_EMPTY_BODY = YES;
				CLANG_WARN_ENUM_CONVERSION = YES;
				CLANG_WARN_INFINITE_RECURSION = YES;
				CLANG_WARN_INT_CONVERSION = YES;
				CLANG_WARN_NON_LITERAL_NULL_CONVERSION = YES;
				CLANG_WARN_OBJC_IMPLICIT_RETAIN_SELF = YES;
				CLANG_WARN_OBJC_LITERAL_CONVERSION = YES;
				CLANG_WARN_OBJC_ROOT_CLASS = YES_ERROR;
				CLANG_WARN_RANGE_LOOP_ANALYSIS = YES;
				CLANG_WARN_STRICT_PROTOTYPES = YES;
				CLANG_WARN_SUSPICIOUS_MOVE = YES;
				CLANG_WARN_UNGUARDED_AVAILABILITY = YES_AGGRESSIVE;
				CLANG_WARN_UNREACHABLE_CODE = YES;
				CLANG_WARN__DUPLICATE_METHOD_MATCH = YES;
				COPY_PHASE_STRIP = NO;
				DEBUG_INFORMATION_FORMAT = dwarf;
				ENABLE_STRICT_OBJC_MSGSEND = YES;
				ENABLE_TESTABILITY = YES;
				GCC_C_LANGUAGE_STANDARD = gnu11;
				GCC_DYNAMIC_NO_PIC = NO;
				GCC_NO_COMMON_BLOCKS = YES;
				GCC_OPTIMIZATION_LEVEL = 0;
				GCC_PREPROCESSOR_DEFINITIONS = (
					"DEBUG=1",
					"$(inherited)",
				);
				GCC_WARN_64_TO_32_BIT_CONVERSION = YES;
				GCC_WARN_ABOUT_RETURN_TYPE = YES_ERROR;
				GCC_WARN_UNDECLARED_SELECTOR = YES;
				GCC_WARN_UNINITIALIZED_AUTOS = YES_AGGRESSIVE;
				GCC_WARN_UNUSED_FUNCTION = YES;
				GCC_WARN_UNUSED_VARIABLE = YES;
				IPHONEOS_DEPLOYMENT_TARGET = 13.5;
				MTL_ENABLE_DEBUG_INFO = INCLUDE_SOURCE;
				MTL_FAST_MATH = YES;
				ONLY_ACTIVE_ARCH = YES;
				SDKROOT = iphoneos;
				SWIFT_ACTIVE_COMPILATION_CONDITIONS = DEBUG;
				SWIFT_OPTIMIZATION_LEVEL = "-Onone";
			};
			name = Debug;
		};
		1DA7404C24C79B820062058B /* Release */ = {
			isa = XCBuildConfiguration;
			buildSettings = {
				ALWAYS_SEARCH_USER_PATHS = NO;
				CLANG_ANALYZER_NONNULL = YES;
				CLANG_ANALYZER_NUMBER_OBJECT_CONVERSION = YES_AGGRESSIVE;
				CLANG_CXX_LANGUAGE_STANDARD = "gnu++14";
				CLANG_CXX_LIBRARY = "libc++";
				CLANG_ENABLE_MODULES = YES;
				CLANG_ENABLE_OBJC_ARC = YES;
				CLANG_ENABLE_OBJC_WEAK = YES;
				CLANG_WARN_BLOCK_CAPTURE_AUTORELEASING = YES;
				CLANG_WARN_BOOL_CONVERSION = YES;
				CLANG_WARN_COMMA = YES;
				CLANG_WARN_CONSTANT_CONVERSION = YES;
				CLANG_WARN_DEPRECATED_OBJC_IMPLEMENTATIONS = YES;
				CLANG_WARN_DIRECT_OBJC_ISA_USAGE = YES_ERROR;
				CLANG_WARN_DOCUMENTATION_COMMENTS = YES;
				CLANG_WARN_EMPTY_BODY = YES;
				CLANG_WARN_ENUM_CONVERSION = YES;
				CLANG_WARN_INFINITE_RECURSION = YES;
				CLANG_WARN_INT_CONVERSION = YES;
				CLANG_WARN_NON_LITERAL_NULL_CONVERSION = YES;
				CLANG_WARN_OBJC_IMPLICIT_RETAIN_SELF = YES;
				CLANG_WARN_OBJC_LITERAL_CONVERSION = YES;
				CLANG_WARN_OBJC_ROOT_CLASS = YES_ERROR;
				CLANG_WARN_RANGE_LOOP_ANALYSIS = YES;
				CLANG_WARN_STRICT_PROTOTYPES = YES;
				CLANG_WARN_SUSPICIOUS_MOVE = YES;
				CLANG_WARN_UNGUARDED_AVAILABILITY = YES_AGGRESSIVE;
				CLANG_WARN_UNREACHABLE_CODE = YES;
				CLANG_WARN__DUPLICATE_METHOD_MATCH = YES;
				COPY_PHASE_STRIP = NO;
				DEBUG_INFORMATION_FORMAT = "dwarf-with-dsym";
				ENABLE_NS_ASSERTIONS = NO;
				ENABLE_STRICT_OBJC_MSGSEND = YES;
				GCC_C_LANGUAGE_STANDARD = gnu11;
				GCC_NO_COMMON_BLOCKS = YES;
				GCC_WARN_64_TO_32_BIT_CONVERSION = YES;
				GCC_WARN_ABOUT_RETURN_TYPE = YES_ERROR;
				GCC_WARN_UNDECLARED_SELECTOR = YES;
				GCC_WARN_UNINITIALIZED_AUTOS = YES_AGGRESSIVE;
				GCC_WARN_UNUSED_FUNCTION = YES;
				GCC_WARN_UNUSED_VARIABLE = YES;
				IPHONEOS_DEPLOYMENT_TARGET = 13.5;
				MTL_ENABLE_DEBUG_INFO = NO;
				MTL_FAST_MATH = YES;
				SDKROOT = iphoneos;
				SWIFT_COMPILATION_MODE = wholemodule;
				SWIFT_OPTIMIZATION_LEVEL = "-O";
				VALIDATE_PRODUCT = YES;
			};
			name = Release;
		};
		1DA7404E24C79B820062058B /* Debug */ = {
			isa = XCBuildConfiguration;
			buildSettings = {
				ASSETCATALOG_COMPILER_APPICON_NAME = AppIcon;
				CODE_SIGN_STYLE = Automatic;
				DEVELOPMENT_TEAM = SKL49NTL5D;
				INFOPLIST_FILE = CellularAutomata/Info.plist;
				LD_RUNPATH_SEARCH_PATHS = (
					"$(inherited)",
					"@executable_path/Frameworks",
				);
				PRODUCT_BUNDLE_IDENTIFIER = com.shawnjames.CellularAutomata;
				PRODUCT_NAME = "$(TARGET_NAME)";
				SWIFT_VERSION = 5.0;
				TARGETED_DEVICE_FAMILY = 1;
			};
			name = Debug;
		};
		1DA7404F24C79B820062058B /* Release */ = {
			isa = XCBuildConfiguration;
			buildSettings = {
				ASSETCATALOG_COMPILER_APPICON_NAME = AppIcon;
				CODE_SIGN_STYLE = Automatic;
				DEVELOPMENT_TEAM = SKL49NTL5D;
				INFOPLIST_FILE = CellularAutomata/Info.plist;
				LD_RUNPATH_SEARCH_PATHS = (
					"$(inherited)",
					"@executable_path/Frameworks",
				);
				PRODUCT_BUNDLE_IDENTIFIER = com.shawnjames.CellularAutomata;
				PRODUCT_NAME = "$(TARGET_NAME)";
				SWIFT_VERSION = 5.0;
				TARGETED_DEVICE_FAMILY = 1;
			};
			name = Release;
		};
/* End XCBuildConfiguration section */

/* Begin XCConfigurationList section */
		1DA7403424C79B7E0062058B /* Build configuration list for PBXProject "CellularAutomata" */ = {
			isa = XCConfigurationList;
			buildConfigurations = (
				1DA7404B24C79B820062058B /* Debug */,
				1DA7404C24C79B820062058B /* Release */,
			);
			defaultConfigurationIsVisible = 0;
			defaultConfigurationName = Release;
		};
		1DA7404D24C79B820062058B /* Build configuration list for PBXNativeTarget "CellularAutomata" */ = {
			isa = XCConfigurationList;
			buildConfigurations = (
				1DA7404E24C79B820062058B /* Debug */,
				1DA7404F24C79B820062058B /* Release */,
			);
			defaultConfigurationIsVisible = 0;
			defaultConfigurationName = Release;
		};
/* End XCConfigurationList section */

/* Begin XCVersionGroup section */
		1DDD050A24D1E44C0016B7A1 /* CellularAutomata.xcdatamodeld */ = {
			isa = XCVersionGroup;
			children = (
				1DDD050B24D1E44C0016B7A1 /* CellularAutomata.xcdatamodel */,
			);
			currentVersion = 1DDD050B24D1E44C0016B7A1 /* CellularAutomata.xcdatamodel */;
			path = CellularAutomata.xcdatamodeld;
			sourceTree = "<group>";
			versionGroupType = wrapper.xcdatamodel;
		};
/* End XCVersionGroup section */
	};
	rootObject = 1DA7403124C79B7E0062058B /* Project object */;
}
